
Microsoft Visual Studio Solution File, Format Version 12.00
# Visual Studio Version 16
VisualStudioVersion = 16.0.29806.167
MinimumVisualStudioVersion = 10.0.40219.1
Project("{9A19103F-16F7-4668-BE54-9A1E7A4F7556}") = "NUnitTestsExtractor", "src\NUnitTestsExtractor\NUnitTestsExtractor.csproj", "{A8290ADE-0DCC-466A-87AE-A4404B471217}"
EndProject
Project("{2150E333-8FDC-42A3-9474-1A3956D46DE8}") = "Solution Items", "Solution Items", "{8A43007C-55C3-46D9-A794-5B506E0E9F02}"
	ProjectSection(SolutionItems) = preProject
		ExampleCallDotNet461.ps1 = ExampleCallDotNet461.ps1
		ExampleCallDotNetCore.ps1 = ExampleCallDotNetCore.ps1
	EndProjectSection
EndProject
Global
	GlobalSection(SolutionConfigurationPlatforms) = preSolution
		Debug|Any CPU = Debug|Any CPU
		Release|Any CPU = Release|Any CPU
	EndGlobalSection
	GlobalSection(ProjectConfigurationPlatforms) = postSolution
		{A8290ADE-0DCC-466A-87AE-A4404B471217}.Debug|Any CPU.ActiveCfg = Debug|Any CPU
		{A8290ADE-0DCC-466A-87AE-A4404B471217}.Debug|Any CPU.Build.0 = Debug|Any CPU
		{A8290ADE-0DCC-466A-87AE-A4404B471217}.Release|Any CPU.ActiveCfg = Release|Any CPU
		{A8290ADE-0DCC-466A-87AE-A4404B471217}.Release|Any CPU.Build.0 = Release|Any CPU
	EndGlobalSection
	GlobalSection(SolutionProperties) = preSolution
		HideSolutionNode = FALSE
	EndGlobalSection
	GlobalSection(ExtensibilityGlobals) = postSolution
		SolutionGuid = {0554A106-8322-4479-831F-473613356836}
	EndGlobalSection
EndGlobal
